<?xml version="1.0" encoding="utf-8"?>
<Project ToolsVersion="4.0" xmlns="http://schemas.microsoft.com/developer/msbuild/2003">
  <ItemGroup>
    <Filter Include="Resource Files">
      <UniqueIdentifier>{67DA6AB6-F800-4c08-8B7A-83BB121AAD01}</UniqueIdentifier>
      <Extensions>rc;ico;cur;bmp;dlg;rc2;rct;bin;rgs;gif;jpg;jpeg;jpe;resx;tiff;tif;png;wav;mfcribbon-ms</Extensions>
    </Filter>
    <Filter Include="Main">
      <UniqueIdentifier>{838b3e4b-7420-4b16-98b7-fb2f6edd4ee9}</UniqueIdentifier>
    </Filter>
    <Filter Include="Utils">
      <UniqueIdentifier>{d51d0232-f606-42c7-bfab-0e02310885d2}</UniqueIdentifier>
    </Filter>
    <Filter Include="Arch">
      <UniqueIdentifier>{89b2efbc-5a00-45a9-903d-9d55b224550f}</UniqueIdentifier>
    </Filter>
    <Filter Include="Arch\Intel">
      <UniqueIdentifier>{e89bb809-f206-48cd-92e2-9c02dfbf1e31}</UniqueIdentifier>
    </Filter>
    <Filter Include="Core">
      <UniqueIdentifier>{755bd36c-ca93-4c54-a433-4259a193bff8}</UniqueIdentifier>
    </Filter>
    <Filter Include="Hooks">
      <UniqueIdentifier>{e11670e7-417f-414d-bfdc-be1f9256e829}</UniqueIdentifier>
    </Filter>
    <Filter Include="Global">
      <UniqueIdentifier>{b4a0d935-bdb2-46ee-a583-41902486ec79}</UniqueIdentifier>
    </Filter>
    <Filter Include="Test">
      <UniqueIdentifier>{a00b1b63-d2e8-442a-800b-d60fb54a098a}</UniqueIdentifier>
    </Filter>
    <Filter Include="Resource Files\Driver Files">
      <UniqueIdentifier>{8E41214B-6785-4CFE-B992-037D68949A14}</UniqueIdentifier>
      <Extensions>inf;inv;inx;mof;mc;</Extensions>
    </Filter>
  </ItemGroup>
  <ItemGroup>
    <Inf Include="HyperHook.inf">
      <Filter>Resource Files\Driver Files</Filter>
    </Inf>
  </ItemGroup>
  <ItemGroup>
    <ClInclude Include="Main\DriverMain.h">
      <Filter>Main</Filter>
    </ClInclude>
    <ClInclude Include="Arch\Intel\Vmx.h">
      <Filter>Arch\Intel</Filter>
    </ClInclude>
    <ClInclude Include="Arch\Intel\Ept.h">
      <Filter>Arch\Intel</Filter>
    </ClInclude>
    <ClInclude Include="Arch\Intel\Vmcs.h">
      <Filter>Arch\Intel</Filter>
    </ClInclude>
    <ClInclude Include="Core\HypervisorCore.h">
      <Filter>Core</Filter>
    </ClInclude>
    <ClInclude Include="Hooks\PageHook.h">
      <Filter>Hooks</Filter>
    </ClInclude>
    <ClInclude Include="Utils\Native.h">
      <Filter>Utils</Filter>
    </ClInclude>
    <ClInclude Include="Utils\PE.h">
      <Filter>Utils</Filter>
    </ClInclude>
    <ClInclude Include="Utils\Cpu.h">
      <Filter>Utils</Filter>
    </ClInclude>
    <ClInclude Include="Global\Global.h">
      <Filter>Global</Filter>
    </ClInclude>
    <ClInclude Include="Utils\Utils.h">
      <Filter>Utils</Filter>
    </ClInclude>
    <ClInclude Include="Arch\Intel\VmxEvent.h">
      <Filter>Arch\Intel</Filter>
    </ClInclude>
    <ClInclude Include="Utils\LDasm.h">
      <Filter>Utils</Filter>
    </ClInclude>
    <ClInclude Include="Hooks\SyscallHook.h">
      <Filter>Hooks</Filter>
    </ClInclude>
    <ClInclude Include="Test\Tests.h">
      <Filter>Test</Filter>
    </ClInclude>
  </ItemGroup>
  <ItemGroup>
    <ClCompile Include="Main\DriverMain.c">
      <Filter>Main</Filter>
    </ClCompile>
    <ClCompile Include="Arch\Intel\Ept.c">
      <Filter>Arch\Intel</Filter>
    </ClCompile>
    <ClCompile Include="Core\HypervisorCore.c">
      <Filter>Core</Filter>
    </ClCompile>
    <ClCompile Include="Arch\Intel\Vmx.c">
      <Filter>Arch\Intel</Filter>
    </ClCompile>
    <ClCompile Include="Hooks\PageHook.c">
      <Filter>Hooks</Filter>
    </ClCompile>
    <ClCompile Include="Global\Global.c">
      <Filter>Global</Filter>
    </ClCompile>
    <ClCompile Include="Utils\Utils.c">
      <Filter>Utils</Filter>
    </ClCompile>
    <ClCompile Include="Arch\Intel\VmxExitHandlers.c">
      <Filter>Arch\Intel</Filter>
    </ClCompile>
    <ClCompile Include="Utils\LDasm.c">
      <Filter>Utils</Filter>
    </ClCompile>
    <ClCompile Include="Hooks\SyscallHook.c">
      <Filter>Hooks</Filter>
    </ClCompile>
    <ClCompile Include="Test\Tests.c">
      <Filter>Test</Filter>
    </ClCompile>
  </ItemGroup>
  <ItemGroup>
    <MASM Include="Arch\Intel\VmxAssembly.asm">
      <Filter>Arch\Intel</Filter>
    </MASM>
    <MASM Include="Hooks\Syscall.asm">
      <Filter>Hooks</Filter>
    </MASM>
  </ItemGroup>
</Project>